
Microsoft Visual Studio Solution File, Format Version 12.00
# Visual Studio Version 17
VisualStudioVersion = 17.10.34928.147
MinimumVisualStudioVersion = 10.0.40219.1
Project("{FAE04EC0-301F-11D3-BF4B-00C04F79EFBC}") = "CS_EVENT", "CS_EVENT\CS_EVENT.csproj", "{433FA0AB-CE91-46EB-B353-3DDA130F7B14}"
EndProject
Global
	GlobalSection(SolutionConfigurationPlatforms) = preSolution
		Debug|Any CPU = Debug|Any CPU
		Release|Any CPU = Release|Any CPU
	EndGlobalSection
	GlobalSection(ProjectConfigurationPlatforms) = postSolution
		{433FA0AB-CE91-46EB-B353-3DDA130F7B14}.Debug|Any CPU.ActiveCfg = Debug|Any CPU
		{433FA0AB-CE91-46EB-B353-3DDA130F7B14}.Debug|Any CPU.Build.0 = Debug|Any CPU
		{433FA0AB-CE91-46EB-B353-3DDA130F7B14}.Release|Any CPU.ActiveCfg = Release|Any CPU
		{433FA0AB-CE91-46EB-B353-3DDA130F7B14}.Release|Any CPU.Build.0 = Release|Any CPU
	EndGlobalSection
	GlobalSection(SolutionProperties) = preSolution
		HideSolutionNode = FALSE
	EndGlobalSection
	GlobalSection(ExtensibilityGlobals) = postSolution
		SolutionGuid = {94758861-992B-44C5-9A3F-9395C39F644F}
	EndGlobalSection
EndGlobal
