
Microsoft Visual Studio Solution File, Format Version 12.00
# Visual Studio Version 17
VisualStudioVersion = 17.10.34928.147
MinimumVisualStudioVersion = 10.0.40219.1
Project("{FAE04EC0-301F-11D3-BF4B-00C04F79EFBC}") = "Lab51", "Lab51\Lab51.csproj", "{355183DA-9D60-40B1-B193-5DAA2721E15B}"
EndProject
Project("{FAE04EC0-301F-11D3-BF4B-00C04F79EFBC}") = "Lab52", "Lab52\Lab52\Lab52.csproj", "{01E0A914-7AD3-40AA-BE93-49E279D1849F}"
EndProject
Project("{FAE04EC0-301F-11D3-BF4B-00C04F79EFBC}") = "EX", "EX\EX.csproj", "{F5913A44-E9CB-4979-A3AA-A9BDFA65A8E1}"
EndProject
Global
	GlobalSection(SolutionConfigurationPlatforms) = preSolution
		Debug|Any CPU = Debug|Any CPU
		Release|Any CPU = Release|Any CPU
	EndGlobalSection
	GlobalSection(ProjectConfigurationPlatforms) = postSolution
		{355183DA-9D60-40B1-B193-5DAA2721E15B}.Debug|Any CPU.ActiveCfg = Debug|Any CPU
		{355183DA-9D60-40B1-B193-5DAA2721E15B}.Debug|Any CPU.Build.0 = Debug|Any CPU
		{355183DA-9D60-40B1-B193-5DAA2721E15B}.Release|Any CPU.ActiveCfg = Release|Any CPU
		{355183DA-9D60-40B1-B193-5DAA2721E15B}.Release|Any CPU.Build.0 = Release|Any CPU
		{01E0A914-7AD3-40AA-BE93-49E279D1849F}.Debug|Any CPU.ActiveCfg = Debug|Any CPU
		{01E0A914-7AD3-40AA-BE93-49E279D1849F}.Debug|Any CPU.Build.0 = Debug|Any CPU
		{01E0A914-7AD3-40AA-BE93-49E279D1849F}.Release|Any CPU.ActiveCfg = Release|Any CPU
		{01E0A914-7AD3-40AA-BE93-49E279D1849F}.Release|Any CPU.Build.0 = Release|Any CPU
		{F5913A44-E9CB-4979-A3AA-A9BDFA65A8E1}.Debug|Any CPU.ActiveCfg = Debug|Any CPU
		{F5913A44-E9CB-4979-A3AA-A9BDFA65A8E1}.Debug|Any CPU.Build.0 = Debug|Any CPU
		{F5913A44-E9CB-4979-A3AA-A9BDFA65A8E1}.Release|Any CPU.ActiveCfg = Release|Any CPU
		{F5913A44-E9CB-4979-A3AA-A9BDFA65A8E1}.Release|Any CPU.Build.0 = Release|Any CPU
	EndGlobalSection
	GlobalSection(SolutionProperties) = preSolution
		HideSolutionNode = FALSE
	EndGlobalSection
	GlobalSection(ExtensibilityGlobals) = postSolution
		SolutionGuid = {9FE897CB-FD84-42F3-88CF-B253FEBC042A}
	EndGlobalSection
EndGlobal
